
Microsoft Visual Studio Solution File, Format Version 12.00
# Visual Studio Version 17
VisualStudioVersion = 17.5.33530.505
MinimumVisualStudioVersion = 10.0.40219.1
Project("{9A19103F-16F7-4668-BE54-9A1E7A4F7556}") = "EasySeries.Pay", "EasySerise.Pay\EasySeries.Pay.csproj", "{F741ACCC-C3A2-4569-BC72-F391DFBDCA1E}"
EndProject
Global
	GlobalSection(SolutionConfigurationPlatforms) = preSolution
		Debug|Any CPU = Debug|Any CPU
		Release|Any CPU = Release|Any CPU
	EndGlobalSection
	GlobalSection(ProjectConfigurationPlatforms) = postSolution
		{F741ACCC-C3A2-4569-BC72-F391DFBDCA1E}.Debug|Any CPU.ActiveCfg = Debug|Any CPU
		{F741ACCC-C3A2-4569-BC72-F391DFBDCA1E}.Debug|Any CPU.Build.0 = Debug|Any CPU
		{F741ACCC-C3A2-4569-BC72-F391DFBDCA1E}.Release|Any CPU.ActiveCfg = Release|Any CPU
		{F741ACCC-C3A2-4569-BC72-F391DFBDCA1E}.Release|Any CPU.Build.0 = Release|Any CPU
	EndGlobalSection
	GlobalSection(SolutionProperties) = preSolution
		HideSolutionNode = FALSE
	EndGlobalSection
	GlobalSection(ExtensibilityGlobals) = postSolution
		SolutionGuid = {7B4947AC-7358-4E00-BD4F-072F4B48D996}
	EndGlobalSection
EndGlobal
