
Microsoft Visual Studio Solution File, Format Version 12.00
# Visual Studio Version 16
VisualStudioVersion = 25.0.1705.5
MinimumVisualStudioVersion = 10.0.40219.1
Project("{FAE04EC0-301F-11D3-BF4B-00C04F79EFBC}") = "EasySeries.Pay", "EasySeries.Pay.csproj", "{50D65992-59CD-474E-BBEA-852DC2EC920C}"
EndProject
Global
	GlobalSection(SolutionConfigurationPlatforms) = preSolution
		Debug|Any CPU = Debug|Any CPU
		Release|Any CPU = Release|Any CPU
	EndGlobalSection
	GlobalSection(ProjectConfigurationPlatforms) = postSolution
		{50D65992-59CD-474E-BBEA-852DC2EC920C}.Debug|Any CPU.ActiveCfg = Debug|Any CPU
		{50D65992-59CD-474E-BBEA-852DC2EC920C}.Debug|Any CPU.Build.0 = Debug|Any CPU
		{50D65992-59CD-474E-BBEA-852DC2EC920C}.Release|Any CPU.ActiveCfg = Release|Any CPU
		{50D65992-59CD-474E-BBEA-852DC2EC920C}.Release|Any CPU.Build.0 = Release|Any CPU
	EndGlobalSection
	GlobalSection(SolutionProperties) = preSolution
		HideSolutionNode = FALSE
	EndGlobalSection
	GlobalSection(ExtensibilityGlobals) = postSolution
		SolutionGuid = {7B4947AC-7358-4E00-BD4F-072F4B48D996}
	EndGlobalSection
EndGlobal
